<?xml version="1.0" encoding="utf-8"?>
<Project ToolsVersion="4.0" xmlns="http://schemas.microsoft.com/developer/msbuild/2003">
  <ItemGroup>
    <Filter Include="RiaINI">
      <UniqueIdentifier>{5560597e-b569-4466-8b8f-fc4dabf3f5ad}</UniqueIdentifier>
    </Filter>
  </ItemGroup>
  <ItemGroup>
    <ClCompile Include="..\..\Sources\RiaINI\RiaINI.cpp">
      <Filter>RiaINI</Filter>
    </ClCompile>
  </ItemGroup>
</Project>