<?xml version="1.0" encoding="utf-8"?>
<Project ToolsVersion="4.0" xmlns="http://schemas.microsoft.com/developer/msbuild/2003">
  <ItemGroup>
    <Filter Include="RxINI">
      <UniqueIdentifier>{074a2e25-66a3-476b-9b03-0c96cc69e6f0}</UniqueIdentifier>
    </Filter>
    <Filter Include="RxINI\INI">
      <UniqueIdentifier>{fb7ca4d5-df6e-4f40-9e49-3f0ad8100bc0}</UniqueIdentifier>
    </Filter>
    <Filter Include="RxJson">
      <UniqueIdentifier>{58c699ce-7321-4c8a-a7af-31c35c2bc787}</UniqueIdentifier>
    </Filter>
  </ItemGroup>
  <ItemGroup>
    <ClInclude Include="RxINI\INI_Value.h">
      <Filter>RxINI\INI</Filter>
    </ClInclude>
    <ClInclude Include="RxINI\INI_File.h">
      <Filter>RxINI\INI</Filter>
    </ClInclude>
    <ClInclude Include="RxJson\JFile.h">
      <Filter>RxJson</Filter>
    </ClInclude>
    <ClInclude Include="RxJson\JValue.h">
      <Filter>RxJson</Filter>
    </ClInclude>
    <ClInclude Include="RxINI.h" />
    <ClInclude Include="RxJson.h" />
  </ItemGroup>
  <ItemGroup>
    <ClCompile Include="RxINI\INI_Value.cpp">
      <Filter>RxINI\INI</Filter>
    </ClCompile>
    <ClCompile Include="RxINI\INI_File.cpp">
      <Filter>RxINI\INI</Filter>
    </ClCompile>
  </ItemGroup>
</Project>