
Microsoft Visual Studio Solution File, Format Version 12.00
# Visual Studio Version 17
VisualStudioVersion = 17.5.33502.453
MinimumVisualStudioVersion = 10.0.40219.1
Project("{2150E333-8FDC-42A3-9474-1A3956D46DE8}") = "src", "src", "{5436FE57-0559-4FCC-BDE6-1363EB220254}"
EndProject
Project("{2150E333-8FDC-42A3-9474-1A3956D46DE8}") = "lib", "lib", "{56F6562D-EC08-490C-8680-EF45BBD13AD7}"
EndProject
Project("{8BC9CEB8-8B4A-11D0-8D11-00A0C91BC942}") = "ProxyDLL", "src\ProxyDLL\ProxyDLL.vcxproj", "{CC9AA6BF-8CD8-49C8-AECF-CAF8CBA70FD1}"
EndProject
Project("{8BC9CEB8-8B4A-11D0-8D11-00A0C91BC942}") = "RiaLoader", "src\RiaLoader\RiaLoader.vcxproj", "{5635E334-E7ED-420A-9C54-6EB0895C69B1}"
EndProject
Project("{8BC9CEB8-8B4A-11D0-8D11-00A0C91BC942}") = "RiaMainTest", "src\RiaMainTest\RiaMainTest.vcxproj", "{3F31AE2C-4C0F-42E3-ACDB-01A41338EBAC}"
EndProject
Project("{8BC9CEB8-8B4A-11D0-8D11-00A0C91BC942}") = "Rut", "lib\Rut\Rut.vcxproj", "{9FB51927-7856-4E55-89DD-F83FA52B038B}"
EndProject
Project("{8BC9CEB8-8B4A-11D0-8D11-00A0C91BC942}") = "Rcf", "lib\Rcf\Rcf.vcxproj", "{5AA48D8F-34D7-46DD-9A3F-0A3FD203C20B}"
EndProject
Project("{8BC9CEB8-8B4A-11D0-8D11-00A0C91BC942}") = "Ram", "lib\Ram\Ram.vcxproj", "{AB9A177F-3820-4374-8693-5C1A6564992C}"
EndProject
Global
	GlobalSection(SolutionConfigurationPlatforms) = preSolution
		Debug|x64 = Debug|x64
		Debug|x86 = Debug|x86
		Release|x64 = Release|x64
		Release|x86 = Release|x86
	EndGlobalSection
	GlobalSection(ProjectConfigurationPlatforms) = postSolution
		{CC9AA6BF-8CD8-49C8-AECF-CAF8CBA70FD1}.Debug|x64.ActiveCfg = Debug|x64
		{CC9AA6BF-8CD8-49C8-AECF-CAF8CBA70FD1}.Debug|x64.Build.0 = Debug|x64
		{CC9AA6BF-8CD8-49C8-AECF-CAF8CBA70FD1}.Debug|x86.ActiveCfg = Debug|Win32
		{CC9AA6BF-8CD8-49C8-AECF-CAF8CBA70FD1}.Debug|x86.Build.0 = Debug|Win32
		{CC9AA6BF-8CD8-49C8-AECF-CAF8CBA70FD1}.Release|x64.ActiveCfg = Release|x64
		{CC9AA6BF-8CD8-49C8-AECF-CAF8CBA70FD1}.Release|x64.Build.0 = Release|x64
		{CC9AA6BF-8CD8-49C8-AECF-CAF8CBA70FD1}.Release|x86.ActiveCfg = Release|Win32
		{CC9AA6BF-8CD8-49C8-AECF-CAF8CBA70FD1}.Release|x86.Build.0 = Release|Win32
		{5635E334-E7ED-420A-9C54-6EB0895C69B1}.Debug|x64.ActiveCfg = Debug|x64
		{5635E334-E7ED-420A-9C54-6EB0895C69B1}.Debug|x64.Build.0 = Debug|x64
		{5635E334-E7ED-420A-9C54-6EB0895C69B1}.Debug|x86.ActiveCfg = Debug|Win32
		{5635E334-E7ED-420A-9C54-6EB0895C69B1}.Debug|x86.Build.0 = Debug|Win32
		{5635E334-E7ED-420A-9C54-6EB0895C69B1}.Release|x64.ActiveCfg = Release|x64
		{5635E334-E7ED-420A-9C54-6EB0895C69B1}.Release|x64.Build.0 = Release|x64
		{5635E334-E7ED-420A-9C54-6EB0895C69B1}.Release|x86.ActiveCfg = Release|Win32
		{5635E334-E7ED-420A-9C54-6EB0895C69B1}.Release|x86.Build.0 = Release|Win32
		{3F31AE2C-4C0F-42E3-ACDB-01A41338EBAC}.Debug|x64.ActiveCfg = Debug|x64
		{3F31AE2C-4C0F-42E3-ACDB-01A41338EBAC}.Debug|x64.Build.0 = Debug|x64
		{3F31AE2C-4C0F-42E3-ACDB-01A41338EBAC}.Debug|x86.ActiveCfg = Debug|Win32
		{3F31AE2C-4C0F-42E3-ACDB-01A41338EBAC}.Debug|x86.Build.0 = Debug|Win32
		{3F31AE2C-4C0F-42E3-ACDB-01A41338EBAC}.Release|x64.ActiveCfg = Release|x64
		{3F31AE2C-4C0F-42E3-ACDB-01A41338EBAC}.Release|x64.Build.0 = Release|x64
		{3F31AE2C-4C0F-42E3-ACDB-01A41338EBAC}.Release|x86.ActiveCfg = Release|Win32
		{3F31AE2C-4C0F-42E3-ACDB-01A41338EBAC}.Release|x86.Build.0 = Release|Win32
		{9FB51927-7856-4E55-89DD-F83FA52B038B}.Debug|x64.ActiveCfg = Debug|x64
		{9FB51927-7856-4E55-89DD-F83FA52B038B}.Debug|x64.Build.0 = Debug|x64
		{9FB51927-7856-4E55-89DD-F83FA52B038B}.Debug|x86.ActiveCfg = Debug|Win32
		{9FB51927-7856-4E55-89DD-F83FA52B038B}.Debug|x86.Build.0 = Debug|Win32
		{9FB51927-7856-4E55-89DD-F83FA52B038B}.Release|x64.ActiveCfg = Release|x64
		{9FB51927-7856-4E55-89DD-F83FA52B038B}.Release|x64.Build.0 = Release|x64
		{9FB51927-7856-4E55-89DD-F83FA52B038B}.Release|x86.ActiveCfg = Release|Win32
		{9FB51927-7856-4E55-89DD-F83FA52B038B}.Release|x86.Build.0 = Release|Win32
		{5AA48D8F-34D7-46DD-9A3F-0A3FD203C20B}.Debug|x64.ActiveCfg = Debug|x64
		{5AA48D8F-34D7-46DD-9A3F-0A3FD203C20B}.Debug|x64.Build.0 = Debug|x64
		{5AA48D8F-34D7-46DD-9A3F-0A3FD203C20B}.Debug|x86.ActiveCfg = Debug|Win32
		{5AA48D8F-34D7-46DD-9A3F-0A3FD203C20B}.Debug|x86.Build.0 = Debug|Win32
		{5AA48D8F-34D7-46DD-9A3F-0A3FD203C20B}.Release|x64.ActiveCfg = Release|x64
		{5AA48D8F-34D7-46DD-9A3F-0A3FD203C20B}.Release|x64.Build.0 = Release|x64
		{5AA48D8F-34D7-46DD-9A3F-0A3FD203C20B}.Release|x86.ActiveCfg = Release|Win32
		{5AA48D8F-34D7-46DD-9A3F-0A3FD203C20B}.Release|x86.Build.0 = Release|Win32
		{AB9A177F-3820-4374-8693-5C1A6564992C}.Debug|x64.ActiveCfg = Debug|x64
		{AB9A177F-3820-4374-8693-5C1A6564992C}.Debug|x64.Build.0 = Debug|x64
		{AB9A177F-3820-4374-8693-5C1A6564992C}.Debug|x86.ActiveCfg = Debug|Win32
		{AB9A177F-3820-4374-8693-5C1A6564992C}.Debug|x86.Build.0 = Debug|Win32
		{AB9A177F-3820-4374-8693-5C1A6564992C}.Release|x64.ActiveCfg = Release|x64
		{AB9A177F-3820-4374-8693-5C1A6564992C}.Release|x64.Build.0 = Release|x64
		{AB9A177F-3820-4374-8693-5C1A6564992C}.Release|x86.ActiveCfg = Release|Win32
		{AB9A177F-3820-4374-8693-5C1A6564992C}.Release|x86.Build.0 = Release|Win32
	EndGlobalSection
	GlobalSection(SolutionProperties) = preSolution
		HideSolutionNode = FALSE
	EndGlobalSection
	GlobalSection(NestedProjects) = preSolution
		{CC9AA6BF-8CD8-49C8-AECF-CAF8CBA70FD1} = {5436FE57-0559-4FCC-BDE6-1363EB220254}
		{5635E334-E7ED-420A-9C54-6EB0895C69B1} = {5436FE57-0559-4FCC-BDE6-1363EB220254}
		{3F31AE2C-4C0F-42E3-ACDB-01A41338EBAC} = {5436FE57-0559-4FCC-BDE6-1363EB220254}
		{9FB51927-7856-4E55-89DD-F83FA52B038B} = {56F6562D-EC08-490C-8680-EF45BBD13AD7}
		{5AA48D8F-34D7-46DD-9A3F-0A3FD203C20B} = {56F6562D-EC08-490C-8680-EF45BBD13AD7}
		{AB9A177F-3820-4374-8693-5C1A6564992C} = {56F6562D-EC08-490C-8680-EF45BBD13AD7}
	EndGlobalSection
	GlobalSection(ExtensibilityGlobals) = postSolution
		SolutionGuid = {2B98E3AA-0AE4-4BF6-9C13-98213C72A55B}
	EndGlobalSection
EndGlobal
