<?xml version="1.0" encoding="utf-8"?>
<Project ToolsVersion="4.0" xmlns="http://schemas.microsoft.com/developer/msbuild/2003">
  <ItemGroup>
    <Filter Include="RxHook">
      <UniqueIdentifier>{d1fd9824-2f4d-46d6-9844-902eeb886b58}</UniqueIdentifier>
    </Filter>
  </ItemGroup>
  <ItemGroup>
    <ClCompile Include="RxHook\RxHook_Mem.cpp">
      <Filter>RxHook</Filter>
    </ClCompile>
    <ClCompile Include="RxHook\RxHook_Write.cpp">
      <Filter>RxHook</Filter>
    </ClCompile>
    <ClCompile Include="RxHook\RxHook_API.cpp">
      <Filter>RxHook</Filter>
    </ClCompile>
  </ItemGroup>
  <ItemGroup>
    <ClInclude Include="RxHook\RxHook_Mem.h">
      <Filter>RxHook</Filter>
    </ClInclude>
    <ClInclude Include="RxHook\RxHook_Write.h">
      <Filter>RxHook</Filter>
    </ClInclude>
    <ClInclude Include="RxHook\RxHook_API.h">
      <Filter>RxHook</Filter>
    </ClInclude>
    <ClInclude Include="RxHook\RxHook_API_DEF.h">
      <Filter>RxHook</Filter>
    </ClInclude>
    <ClInclude Include="RxHook.h" />
  </ItemGroup>
</Project>