<?xml version="1.0" encoding="utf-8"?>
<Project ToolsVersion="4.0" xmlns="http://schemas.microsoft.com/developer/msbuild/2003">
  <ItemGroup>
    <Filter Include="include">
      <UniqueIdentifier>{e59e15df-4114-43d5-b87c-e4f6e521bc65}</UniqueIdentifier>
    </Filter>
    <Filter Include="src">
      <UniqueIdentifier>{9f859a5e-b283-40df-b440-e393a4c48d39}</UniqueIdentifier>
    </Filter>
  </ItemGroup>
  <ItemGroup>
    <ClInclude Include="..\..\Modules\Rxx\include\File_Enum.h">
      <Filter>include</Filter>
    </ClInclude>
    <ClInclude Include="..\..\Modules\Rxx\include\File_Stream.hpp">
      <Filter>include</Filter>
    </ClInclude>
    <ClInclude Include="..\..\Modules\Rxx\include\Hook.h">
      <Filter>include</Filter>
    </ClInclude>
    <ClInclude Include="..\..\Modules\Rxx\include\Hook_API.h">
      <Filter>include</Filter>
    </ClInclude>
    <ClInclude Include="..\..\Modules\Rxx\include\Hook_API_DEF.h">
      <Filter>include</Filter>
    </ClInclude>
    <ClInclude Include="..\..\Modules\Rxx\include\INI.h">
      <Filter>include</Filter>
    </ClInclude>
    <ClInclude Include="..\..\Modules\Rxx\include\INI_Value.h">
      <Filter>include</Filter>
    </ClInclude>
    <ClInclude Include="..\..\Modules\Rxx\include\Mem.h">
      <Filter>include</Filter>
    </ClInclude>
    <ClInclude Include="..\..\Modules\Rxx\include\Mem_Auto.h">
      <Filter>include</Filter>
    </ClInclude>
    <ClInclude Include="..\..\Modules\Rxx\include\Str.h">
      <Filter>include</Filter>
    </ClInclude>
    <ClInclude Include="..\..\Modules\Rxx\include\Str_Trim.h">
      <Filter>include</Filter>
    </ClInclude>
    <ClInclude Include="..\..\Modules\Rxx\include\Console.h">
      <Filter>include</Filter>
    </ClInclude>
    <ClInclude Include="..\..\Modules\Rxx\include\File.h">
      <Filter>include</Filter>
    </ClInclude>
  </ItemGroup>
  <ItemGroup>
    <ClCompile Include="..\..\Modules\Rxx\src\INI_Value.cpp">
      <Filter>src</Filter>
    </ClCompile>
    <ClCompile Include="..\..\Modules\Rxx\src\Mem.cpp">
      <Filter>src</Filter>
    </ClCompile>
    <ClCompile Include="..\..\Modules\Rxx\src\Mem_Auto.cpp">
      <Filter>src</Filter>
    </ClCompile>
    <ClCompile Include="..\..\Modules\Rxx\src\Str.cpp">
      <Filter>src</Filter>
    </ClCompile>
    <ClCompile Include="..\..\Modules\Rxx\src\Str_Trim.cpp">
      <Filter>src</Filter>
    </ClCompile>
    <ClCompile Include="..\..\Modules\Rxx\src\Console.cpp">
      <Filter>src</Filter>
    </ClCompile>
    <ClCompile Include="..\..\Modules\Rxx\src\File.cpp">
      <Filter>src</Filter>
    </ClCompile>
    <ClCompile Include="..\..\Modules\Rxx\src\File_Enum.cpp">
      <Filter>src</Filter>
    </ClCompile>
    <ClCompile Include="..\..\Modules\Rxx\src\Hook.cpp">
      <Filter>src</Filter>
    </ClCompile>
    <ClCompile Include="..\..\Modules\Rxx\src\Hook_API.cpp">
      <Filter>src</Filter>
    </ClCompile>
    <ClCompile Include="..\..\Modules\Rxx\src\INI.cpp">
      <Filter>src</Filter>
    </ClCompile>
  </ItemGroup>
</Project>