<?xml version="1.0" encoding="utf-8"?>
<Project ToolsVersion="4.0" xmlns="http://schemas.microsoft.com/developer/msbuild/2003">
  <ItemGroup>
    <Filter Include="dsound">
      <UniqueIdentifier>{187896cb-7a52-47e7-9b05-8e68fd33c137}</UniqueIdentifier>
    </Filter>
  </ItemGroup>
  <ItemGroup>
    <ClCompile Include="dsound.cpp">
      <Filter>dsound</Filter>
    </ClCompile>
  </ItemGroup>
  <ItemGroup>
    <ClInclude Include="dsound.h">
      <Filter>dsound</Filter>
    </ClInclude>
  </ItemGroup>
</Project>