<?xml version="1.0" encoding="utf-8"?>
<Project ToolsVersion="4.0" xmlns="http://schemas.microsoft.com/developer/msbuild/2003">
  <ItemGroup>
    <Filter Include="Utility">
      <UniqueIdentifier>{bb37a401-7801-4283-82e5-21c379076c9f}</UniqueIdentifier>
    </Filter>
    <Filter Include="Utility\RxBench">
      <UniqueIdentifier>{11b4abdc-7086-4cd9-a3c0-25703dd1c7e0}</UniqueIdentifier>
    </Filter>
    <Filter Include="Utility\RxPath">
      <UniqueIdentifier>{4571748e-a9f6-49dc-a981-e30bd966db06}</UniqueIdentifier>
    </Filter>
    <Filter Include="Utility\RxStream">
      <UniqueIdentifier>{ffae051e-8b92-4f4d-b8ba-8cbfb26865ee}</UniqueIdentifier>
    </Filter>
    <Filter Include="Utility\RxStream\ConsoleStream">
      <UniqueIdentifier>{0e1b3c27-3588-4f84-a344-c45c0cb987ba}</UniqueIdentifier>
    </Filter>
    <Filter Include="Utility\RxStream\FileStream">
      <UniqueIdentifier>{d7aa784d-8b8f-4443-b106-ebad2a732457}</UniqueIdentifier>
    </Filter>
    <Filter Include="Utility\RxStream\MemoryStream">
      <UniqueIdentifier>{838821a4-b1ad-4524-b8e3-1c842bbedeb2}</UniqueIdentifier>
    </Filter>
    <Filter Include="Utility\RxString">
      <UniqueIdentifier>{dbf61932-7a86-46ae-98cd-ae4a3d872c55}</UniqueIdentifier>
    </Filter>
  </ItemGroup>
  <ItemGroup>
    <ClCompile Include="RxPath\Path.cpp">
      <Filter>Utility\RxPath</Filter>
    </ClCompile>
    <ClCompile Include="RxStream\ConsoleStream\PutConsole.cpp">
      <Filter>Utility\RxStream\ConsoleStream</Filter>
    </ClCompile>
    <ClCompile Include="RxStream\ConsoleStream\AllocConsole.cpp">
      <Filter>Utility\RxStream\ConsoleStream</Filter>
    </ClCompile>
    <ClCompile Include="RxStream\FileStream\TextStream.cpp">
      <Filter>Utility\RxStream\FileStream</Filter>
    </ClCompile>
    <ClCompile Include="RxStream\FileStream\BasicStream.cpp">
      <Filter>Utility\RxStream\FileStream</Filter>
    </ClCompile>
    <ClCompile Include="RxString\Trim.cpp">
      <Filter>Utility\RxString</Filter>
    </ClCompile>
    <ClCompile Include="RxString\Convert.cpp">
      <Filter>Utility\RxString</Filter>
    </ClCompile>
    <ClCompile Include="RxBench\Record.cpp">
      <Filter>Utility\RxBench</Filter>
    </ClCompile>
    <ClCompile Include="RxPath\Enum.cpp">
      <Filter>Utility\RxPath</Filter>
    </ClCompile>
    <ClCompile Include="RxStream\MemoryStream\AutoMem.cpp">
      <Filter>Utility\RxStream\MemoryStream</Filter>
    </ClCompile>
  </ItemGroup>
  <ItemGroup>
    <ClInclude Include="RxPath\Path.h">
      <Filter>Utility\RxPath</Filter>
    </ClInclude>
    <ClInclude Include="RxStream\ConsoleStream\PutConsole.h">
      <Filter>Utility\RxStream\ConsoleStream</Filter>
    </ClInclude>
    <ClInclude Include="RxStream\ConsoleStream\AllocConsole.h">
      <Filter>Utility\RxStream\ConsoleStream</Filter>
    </ClInclude>
    <ClInclude Include="RxStream\FileStream\BinaryStream.hpp">
      <Filter>Utility\RxStream\FileStream</Filter>
    </ClInclude>
    <ClInclude Include="RxStream\FileStream\TextStream.h">
      <Filter>Utility\RxStream\FileStream</Filter>
    </ClInclude>
    <ClInclude Include="RxStream\FileStream\BasicStream.h">
      <Filter>Utility\RxStream\FileStream</Filter>
    </ClInclude>
    <ClInclude Include="RxStream\MemoryStream\AutoMem.hpp">
      <Filter>Utility\RxStream\MemoryStream</Filter>
    </ClInclude>
    <ClInclude Include="RxString\Convert.h">
      <Filter>Utility\RxString</Filter>
    </ClInclude>
    <ClInclude Include="RxString\Trim.h">
      <Filter>Utility\RxString</Filter>
    </ClInclude>
    <ClInclude Include="RxStream.h" />
    <ClInclude Include="RxString.h" />
    <ClInclude Include="RxPath.h" />
    <ClInclude Include="RxBench\Record.h">
      <Filter>Utility\RxBench</Filter>
    </ClInclude>
    <ClInclude Include="RxBench.h" />
    <ClInclude Include="RxPath\Enum.h">
      <Filter>Utility\RxPath</Filter>
    </ClInclude>
  </ItemGroup>
</Project>